
Microsoft Visual Studio Solution File, Format Version 12.00
# Visual Studio Version 17
VisualStudioVersion = 17.9.34616.47
MinimumVisualStudioVersion = 10.0.40219.1
Project("{FAE04EC0-301F-11D3-BF4B-00C04F79EFBC}") = "word_test", "word_test.csproj", "{B99D6D8D-503B-436B-9262-7B7F89D5236C}"
EndProject
Global
	GlobalSection(SolutionConfigurationPlatforms) = preSolution
		Debug|Any CPU = Debug|Any CPU
		Release|Any CPU = Release|Any CPU
	EndGlobalSection
	GlobalSection(ProjectConfigurationPlatforms) = postSolution
		{B99D6D8D-503B-436B-9262-7B7F89D5236C}.Debug|Any CPU.ActiveCfg = Debug|Any CPU
		{B99D6D8D-503B-436B-9262-7B7F89D5236C}.Debug|Any CPU.Build.0 = Debug|Any CPU
		{B99D6D8D-503B-436B-9262-7B7F89D5236C}.Release|Any CPU.ActiveCfg = Release|Any CPU
		{B99D6D8D-503B-436B-9262-7B7F89D5236C}.Release|Any CPU.Build.0 = Release|Any CPU
	EndGlobalSection
	GlobalSection(SolutionProperties) = preSolution
		HideSolutionNode = FALSE
	EndGlobalSection
	GlobalSection(ExtensibilityGlobals) = postSolution
		SolutionGuid = {C32BF56C-7731-4A87-945E-7252228081EE}
	EndGlobalSection
EndGlobal
