
Microsoft Visual Studio Solution File, Format Version 12.00
# Visual Studio Version 16
VisualStudioVersion = 16.0.34601.136
MinimumVisualStudioVersion = 10.0.40219.1
Project("{FAE04EC0-301F-11D3-BF4B-00C04F79EFBC}") = "PracticeStas", "PracticeStas\PracticeStas.csproj", "{415D1685-5B4D-45F6-89B0-23A9E2EF65C1}"
EndProject
Project("{FAE04EC0-301F-11D3-BF4B-00C04F79EFBC}") = "PracticeDenis", "PracticeDenis\PracticeDenis.csproj", "{15CA0324-7F67-478B-91BF-D665B064819A}"
EndProject
Global
	GlobalSection(SolutionConfigurationPlatforms) = preSolution
		Debug|Any CPU = Debug|Any CPU
		Release|Any CPU = Release|Any CPU
	EndGlobalSection
	GlobalSection(ProjectConfigurationPlatforms) = postSolution
		{415D1685-5B4D-45F6-89B0-23A9E2EF65C1}.Debug|Any CPU.ActiveCfg = Debug|Any CPU
		{415D1685-5B4D-45F6-89B0-23A9E2EF65C1}.Debug|Any CPU.Build.0 = Debug|Any CPU
		{415D1685-5B4D-45F6-89B0-23A9E2EF65C1}.Release|Any CPU.ActiveCfg = Release|Any CPU
		{415D1685-5B4D-45F6-89B0-23A9E2EF65C1}.Release|Any CPU.Build.0 = Release|Any CPU
		{15CA0324-7F67-478B-91BF-D665B064819A}.Debug|Any CPU.ActiveCfg = Debug|Any CPU
		{15CA0324-7F67-478B-91BF-D665B064819A}.Debug|Any CPU.Build.0 = Debug|Any CPU
		{15CA0324-7F67-478B-91BF-D665B064819A}.Release|Any CPU.ActiveCfg = Release|Any CPU
		{15CA0324-7F67-478B-91BF-D665B064819A}.Release|Any CPU.Build.0 = Release|Any CPU
	EndGlobalSection
	GlobalSection(SolutionProperties) = preSolution
		HideSolutionNode = FALSE
	EndGlobalSection
	GlobalSection(ExtensibilityGlobals) = postSolution
		SolutionGuid = {A9CA286A-EF49-44B3-A9A5-6703A442ED55}
	EndGlobalSection
EndGlobal
